// !$*UTF8*$!
{
	archiveVersion = 1;
	classes = {
	};
	objectVersion = 46;
	objects = {

/* Begin PBXAggregateTarget section */
		"KeyPathMapper::KeyPathMapperPackageTests::ProductTarget" /* KeyPathMapperPackageTests */ = {
			isa = PBXAggregateTarget;
			buildConfigurationList = OBJ_31 /* Build configuration list for PBXAggregateTarget "KeyPathMapperPackageTests" */;
			buildPhases = (
			);
			dependencies = (
				OBJ_34 /* PBXTargetDependency */,
			);
			name = KeyPathMapperPackageTests;
			productName = KeyPathMapperPackageTests;
		};
/* End PBXAggregateTarget section */

/* Begin PBXBuildFile section */
		3F4312A721183BB200F779CA /* KeyPathMapper+NSObject.swift in Sources */ = {isa = PBXBuildFile; fileRef = 3F4312A621183BB200F779CA /* KeyPathMapper+NSObject.swift */; };
		3F4312A921183BFF00F779CA /* MappingPair+NSObject.swift in Sources */ = {isa = PBXBuildFile; fileRef = 3F4312A821183BFF00F779CA /* MappingPair+NSObject.swift */; };
		3F4312AC21183C3A00F779CA /* KeyPathObservation.swift in Sources */ = {isa = PBXBuildFile; fileRef = 3F4312AB21183C3A00F779CA /* KeyPathObservation.swift */; };
		3F4312AE21183CC000F779CA /* KeyPathMapper+Optional.swift in Sources */ = {isa = PBXBuildFile; fileRef = 3F4312AD21183CC000F779CA /* KeyPathMapper+Optional.swift */; };
		3F4312B021184DCE00F779CA /* UpdateFunctions.swift in Sources */ = {isa = PBXBuildFile; fileRef = 3F4312AF21184DCE00F779CA /* UpdateFunctions.swift */; };
		3F4312BA2118764D00F779CA /* KeyPathMapper+EmptyMapperTransformer.swift in Sources */ = {isa = PBXBuildFile; fileRef = 3F4312B92118764D00F779CA /* KeyPathMapper+EmptyMapperTransformer.swift */; };
		3F4312BC21187BF300F779CA /* KeyPathMapper+Mapping.swift in Sources */ = {isa = PBXBuildFile; fileRef = 3F4312BB21187BF300F779CA /* KeyPathMapper+Mapping.swift */; };
		3F68099821130F1F00FF58CE /* MapperTransformer.swift in Sources */ = {isa = PBXBuildFile; fileRef = 3F68099721130F1F00FF58CE /* MapperTransformer.swift */; };
		3F68099A21130F3A00FF58CE /* EmptyMapperTransformer.swift in Sources */ = {isa = PBXBuildFile; fileRef = 3F68099921130F3A00FF58CE /* EmptyMapperTransformer.swift */; };
		3F68099C21130F6600FF58CE /* MappingPair.swift in Sources */ = {isa = PBXBuildFile; fileRef = 3F68099B21130F6600FF58CE /* MappingPair.swift */; };
		3F68099E2113103700FF58CE /* OptionalEmptyMapperTransformer.swift in Sources */ = {isa = PBXBuildFile; fileRef = 3F68099D2113103700FF58CE /* OptionalEmptyMapperTransformer.swift */; };
		3F6809A02113117C00FF58CE /* NestedMapperTransformer.swift in Sources */ = {isa = PBXBuildFile; fileRef = 3F68099F2113117C00FF58CE /* NestedMapperTransformer.swift */; };
		3F6809A221134EB600FF58CE /* KeyPathMapper+MappableInitializable.swift in Sources */ = {isa = PBXBuildFile; fileRef = 3F6809A121134EB600FF58CE /* KeyPathMapper+MappableInitializable.swift */; };
		3FA971AC2119CFBE00E29413 /* ObserveFunctions.swift in Sources */ = {isa = PBXBuildFile; fileRef = 3FA971AB2119CFBE00E29413 /* ObserveFunctions.swift */; };
		OBJ_22 /* KeyPathMapper.swift in Sources */ = {isa = PBXBuildFile; fileRef = OBJ_9 /* KeyPathMapper.swift */; };
		OBJ_29 /* Package.swift in Sources */ = {isa = PBXBuildFile; fileRef = OBJ_6 /* Package.swift */; };
		OBJ_40 /* KeyPathMapperTests.swift in Sources */ = {isa = PBXBuildFile; fileRef = OBJ_12 /* KeyPathMapperTests.swift */; };
		OBJ_41 /* XCTestManifests.swift in Sources */ = {isa = PBXBuildFile; fileRef = OBJ_13 /* XCTestManifests.swift */; };
		OBJ_43 /* KeyPathMapper.framework in Frameworks */ = {isa = PBXBuildFile; fileRef = "KeyPathMapper::KeyPathMapper::Product" /* KeyPathMapper.framework */; };
/* End PBXBuildFile section */

/* Begin PBXContainerItemProxy section */
		3F68099421130EF300FF58CE /* PBXContainerItemProxy */ = {
			isa = PBXContainerItemProxy;
			containerPortal = OBJ_1 /* Project object */;
			proxyType = 1;
			remoteGlobalIDString = "KeyPathMapper::KeyPathMapper";
			remoteInfo = KeyPathMapper;
		};
		3F68099521130EF300FF58CE /* PBXContainerItemProxy */ = {
			isa = PBXContainerItemProxy;
			containerPortal = OBJ_1 /* Project object */;
			proxyType = 1;
			remoteGlobalIDString = "KeyPathMapper::KeyPathMapperTests";
			remoteInfo = KeyPathMapperTests;
		};
/* End PBXContainerItemProxy section */

/* Begin PBXFileReference section */
		3F4312A621183BB200F779CA /* KeyPathMapper+NSObject.swift */ = {isa = PBXFileReference; lastKnownFileType = sourcecode.swift; name = "KeyPathMapper+NSObject.swift"; path = "../KeypathObservation/KeyPathMapper+NSObject.swift"; sourceTree = "<group>"; };
		3F4312A821183BFF00F779CA /* MappingPair+NSObject.swift */ = {isa = PBXFileReference; lastKnownFileType = sourcecode.swift; path = "MappingPair+NSObject.swift"; sourceTree = "<group>"; };
		3F4312AB21183C3A00F779CA /* KeyPathObservation.swift */ = {isa = PBXFileReference; lastKnownFileType = sourcecode.swift; path = KeyPathObservation.swift; sourceTree = "<group>"; };
		3F4312AD21183CC000F779CA /* KeyPathMapper+Optional.swift */ = {isa = PBXFileReference; lastKnownFileType = sourcecode.swift; path = "KeyPathMapper+Optional.swift"; sourceTree = "<group>"; };
		3F4312AF21184DCE00F779CA /* UpdateFunctions.swift */ = {isa = PBXFileReference; lastKnownFileType = sourcecode.swift; path = UpdateFunctions.swift; sourceTree = "<group>"; };
		3F4312B92118764D00F779CA /* KeyPathMapper+EmptyMapperTransformer.swift */ = {isa = PBXFileReference; lastKnownFileType = sourcecode.swift; path = "KeyPathMapper+EmptyMapperTransformer.swift"; sourceTree = "<group>"; };
		3F4312BB21187BF300F779CA /* KeyPathMapper+Mapping.swift */ = {isa = PBXFileReference; lastKnownFileType = sourcecode.swift; path = "KeyPathMapper+Mapping.swift"; sourceTree = "<group>"; };
		3F68099721130F1F00FF58CE /* MapperTransformer.swift */ = {isa = PBXFileReference; lastKnownFileType = sourcecode.swift; path = MapperTransformer.swift; sourceTree = "<group>"; };
		3F68099921130F3A00FF58CE /* EmptyMapperTransformer.swift */ = {isa = PBXFileReference; lastKnownFileType = sourcecode.swift; path = EmptyMapperTransformer.swift; sourceTree = "<group>"; };
		3F68099B21130F6600FF58CE /* MappingPair.swift */ = {isa = PBXFileReference; lastKnownFileType = sourcecode.swift; path = MappingPair.swift; sourceTree = "<group>"; };
		3F68099D2113103700FF58CE /* OptionalEmptyMapperTransformer.swift */ = {isa = PBXFileReference; lastKnownFileType = sourcecode.swift; path = OptionalEmptyMapperTransformer.swift; sourceTree = "<group>"; };
		3F68099F2113117C00FF58CE /* NestedMapperTransformer.swift */ = {isa = PBXFileReference; lastKnownFileType = sourcecode.swift; path = NestedMapperTransformer.swift; sourceTree = "<group>"; };
		3F6809A121134EB600FF58CE /* KeyPathMapper+MappableInitializable.swift */ = {isa = PBXFileReference; lastKnownFileType = sourcecode.swift; path = "KeyPathMapper+MappableInitializable.swift"; sourceTree = "<group>"; };
		3FA971AB2119CFBE00E29413 /* ObserveFunctions.swift */ = {isa = PBXFileReference; lastKnownFileType = sourcecode.swift; path = ObserveFunctions.swift; sourceTree = "<group>"; };
		"KeyPathMapper::KeyPathMapper::Product" /* KeyPathMapper.framework */ = {isa = PBXFileReference; explicitFileType = wrapper.framework; path = KeyPathMapper.framework; sourceTree = BUILT_PRODUCTS_DIR; };
		"KeyPathMapper::KeyPathMapperTests::Product" /* KeyPathMapperTests.xctest */ = {isa = PBXFileReference; lastKnownFileType = file; path = KeyPathMapperTests.xctest; sourceTree = BUILT_PRODUCTS_DIR; };
		OBJ_12 /* KeyPathMapperTests.swift */ = {isa = PBXFileReference; lastKnownFileType = sourcecode.swift; path = KeyPathMapperTests.swift; sourceTree = "<group>"; };
		OBJ_13 /* XCTestManifests.swift */ = {isa = PBXFileReference; lastKnownFileType = sourcecode.swift; path = XCTestManifests.swift; sourceTree = "<group>"; };
		OBJ_6 /* Package.swift */ = {isa = PBXFileReference; explicitFileType = sourcecode.swift; path = Package.swift; sourceTree = "<group>"; };
		OBJ_9 /* KeyPathMapper.swift */ = {isa = PBXFileReference; lastKnownFileType = sourcecode.swift; path = KeyPathMapper.swift; sourceTree = "<group>"; };
/* End PBXFileReference section */

/* Begin PBXFrameworksBuildPhase section */
		OBJ_23 /* Frameworks */ = {
			isa = PBXFrameworksBuildPhase;
			buildActionMask = 0;
			files = (
			);
			runOnlyForDeploymentPostprocessing = 0;
		};
		OBJ_42 /* Frameworks */ = {
			isa = PBXFrameworksBuildPhase;
			buildActionMask = 0;
			files = (
				OBJ_43 /* KeyPathMapper.framework in Frameworks */,
			);
			runOnlyForDeploymentPostprocessing = 0;
		};
/* End PBXFrameworksBuildPhase section */

/* Begin PBXGroup section */
		3F4312AA21183C1900F779CA /* KeyPathObservation */ = {
			isa = PBXGroup;
			children = (
				3F4312A621183BB200F779CA /* KeyPathMapper+NSObject.swift */,
				3F4312A821183BFF00F779CA /* MappingPair+NSObject.swift */,
				3F4312AB21183C3A00F779CA /* KeyPathObservation.swift */,
				3FA971AB2119CFBE00E29413 /* ObserveFunctions.swift */,
			);
			path = KeyPathObservation;
			sourceTree = "<group>";
		};
		3F68099621130F0900FF58CE /* MapperTransformers */ = {
			isa = PBXGroup;
			children = (
				3F68099721130F1F00FF58CE /* MapperTransformer.swift */,
				3F68099921130F3A00FF58CE /* EmptyMapperTransformer.swift */,
				3F68099D2113103700FF58CE /* OptionalEmptyMapperTransformer.swift */,
				3F68099F2113117C00FF58CE /* NestedMapperTransformer.swift */,
			);
			path = MapperTransformers;
			sourceTree = "<group>";
		};
		OBJ_10 /* Tests */ = {
			isa = PBXGroup;
			children = (
				OBJ_11 /* KeyPathMapperTests */,
			);
			name = Tests;
			sourceTree = SOURCE_ROOT;
		};
		OBJ_11 /* KeyPathMapperTests */ = {
			isa = PBXGroup;
			children = (
				OBJ_12 /* KeyPathMapperTests.swift */,
				OBJ_13 /* XCTestManifests.swift */,
			);
			name = KeyPathMapperTests;
			path = Tests/KeyPathMapperTests;
			sourceTree = SOURCE_ROOT;
		};
		OBJ_14 /* Products */ = {
			isa = PBXGroup;
			children = (
				"KeyPathMapper::KeyPathMapperTests::Product" /* KeyPathMapperTests.xctest */,
				"KeyPathMapper::KeyPathMapper::Product" /* KeyPathMapper.framework */,
			);
			name = Products;
			sourceTree = BUILT_PRODUCTS_DIR;
		};
		OBJ_5 = {
			isa = PBXGroup;
			children = (
				OBJ_6 /* Package.swift */,
				OBJ_7 /* Sources */,
				OBJ_10 /* Tests */,
				OBJ_14 /* Products */,
			);
			sourceTree = "<group>";
		};
		OBJ_7 /* Sources */ = {
			isa = PBXGroup;
			children = (
				OBJ_8 /* KeyPathMapper */,
			);
			name = Sources;
			sourceTree = SOURCE_ROOT;
		};
		OBJ_8 /* KeyPathMapper */ = {
			isa = PBXGroup;
			children = (
				3F4312AA21183C1900F779CA /* KeyPathObservation */,
				3F68099621130F0900FF58CE /* MapperTransformers */,
				3F4312AF21184DCE00F779CA /* UpdateFunctions.swift */,
				3F68099B21130F6600FF58CE /* MappingPair.swift */,
				OBJ_9 /* KeyPathMapper.swift */,
				3F4312B92118764D00F779CA /* KeyPathMapper+EmptyMapperTransformer.swift */,
				3F4312AD21183CC000F779CA /* KeyPathMapper+Optional.swift */,
				3F4312BB21187BF300F779CA /* KeyPathMapper+Mapping.swift */,
				3F6809A121134EB600FF58CE /* KeyPathMapper+MappableInitializable.swift */,
			);
			name = KeyPathMapper;
			path = Sources/KeyPathMapper;
			sourceTree = SOURCE_ROOT;
		};
/* End PBXGroup section */

/* Begin PBXNativeTarget section */
		"KeyPathMapper::KeyPathMapper" /* KeyPathMapper */ = {
			isa = PBXNativeTarget;
			buildConfigurationList = OBJ_18 /* Build configuration list for PBXNativeTarget "KeyPathMapper" */;
			buildPhases = (
				OBJ_21 /* Sources */,
				OBJ_23 /* Frameworks */,
			);
			buildRules = (
			);
			dependencies = (
			);
			name = KeyPathMapper;
			productName = KeyPathMapper;
			productReference = "KeyPathMapper::KeyPathMapper::Product" /* KeyPathMapper.framework */;
			productType = "com.apple.product-type.framework";
		};
		"KeyPathMapper::KeyPathMapperTests" /* KeyPathMapperTests */ = {
			isa = PBXNativeTarget;
			buildConfigurationList = OBJ_36 /* Build configuration list for PBXNativeTarget "KeyPathMapperTests" */;
			buildPhases = (
				OBJ_39 /* Sources */,
				OBJ_42 /* Frameworks */,
			);
			buildRules = (
			);
			dependencies = (
				OBJ_44 /* PBXTargetDependency */,
			);
			name = KeyPathMapperTests;
			productName = KeyPathMapperTests;
			productReference = "KeyPathMapper::KeyPathMapperTests::Product" /* KeyPathMapperTests.xctest */;
			productType = "com.apple.product-type.bundle.unit-test";
		};
		"KeyPathMapper::SwiftPMPackageDescription" /* KeyPathMapperPackageDescription */ = {
			isa = PBXNativeTarget;
			buildConfigurationList = OBJ_25 /* Build configuration list for PBXNativeTarget "KeyPathMapperPackageDescription" */;
			buildPhases = (
				OBJ_28 /* Sources */,
			);
			buildRules = (
			);
			dependencies = (
			);
			name = KeyPathMapperPackageDescription;
			productName = KeyPathMapperPackageDescription;
			productType = "com.apple.product-type.framework";
		};
/* End PBXNativeTarget section */

/* Begin PBXProject section */
		OBJ_1 /* Project object */ = {
			isa = PBXProject;
			attributes = {
				LastUpgradeCheck = 9999;
			};
			buildConfigurationList = OBJ_2 /* Build configuration list for PBXProject "KeyPathMapper" */;
			compatibilityVersion = "Xcode 3.2";
			developmentRegion = English;
			hasScannedForEncodings = 0;
			knownRegions = (
				en,
			);
			mainGroup = OBJ_5;
			productRefGroup = OBJ_14 /* Products */;
			projectDirPath = "";
			projectRoot = "";
			targets = (
				"KeyPathMapper::KeyPathMapper" /* KeyPathMapper */,
				"KeyPathMapper::SwiftPMPackageDescription" /* KeyPathMapperPackageDescription */,
				"KeyPathMapper::KeyPathMapperPackageTests::ProductTarget" /* KeyPathMapperPackageTests */,
				"KeyPathMapper::KeyPathMapperTests" /* KeyPathMapperTests */,
			);
		};
/* End PBXProject section */

/* Begin PBXSourcesBuildPhase section */
		OBJ_21 /* Sources */ = {
			isa = PBXSourcesBuildPhase;
			buildActionMask = 0;
			files = (
				3F6809A221134EB600FF58CE /* KeyPathMapper+MappableInitializable.swift in Sources */,
				3F68099C21130F6600FF58CE /* MappingPair.swift in Sources */,
				3F4312BC21187BF300F779CA /* KeyPathMapper+Mapping.swift in Sources */,
				3F4312BA2118764D00F779CA /* KeyPathMapper+EmptyMapperTransformer.swift in Sources */,
				3F4312AE21183CC000F779CA /* KeyPathMapper+Optional.swift in Sources */,
				3F68099A21130F3A00FF58CE /* EmptyMapperTransformer.swift in Sources */,
				3F68099821130F1F00FF58CE /* MapperTransformer.swift in Sources */,
				3F4312A921183BFF00F779CA /* MappingPair+NSObject.swift in Sources */,
				3FA971AC2119CFBE00E29413 /* ObserveFunctions.swift in Sources */,
				3F4312B021184DCE00F779CA /* UpdateFunctions.swift in Sources */,
				3F68099E2113103700FF58CE /* OptionalEmptyMapperTransformer.swift in Sources */,
				3F4312A721183BB200F779CA /* KeyPathMapper+NSObject.swift in Sources */,
				3F4312AC21183C3A00F779CA /* KeyPathObservation.swift in Sources */,
				OBJ_22 /* KeyPathMapper.swift in Sources */,
				3F6809A02113117C00FF58CE /* NestedMapperTransformer.swift in Sources */,
			);
			runOnlyForDeploymentPostprocessing = 0;
		};
		OBJ_28 /* Sources */ = {
			isa = PBXSourcesBuildPhase;
			buildActionMask = 0;
			files = (
				OBJ_29 /* Package.swift in Sources */,
			);
			runOnlyForDeploymentPostprocessing = 0;
		};
		OBJ_39 /* Sources */ = {
			isa = PBXSourcesBuildPhase;
			buildActionMask = 0;
			files = (
				OBJ_40 /* KeyPathMapperTests.swift in Sources */,
				OBJ_41 /* XCTestManifests.swift in Sources */,
			);
			runOnlyForDeploymentPostprocessing = 0;
		};
/* End PBXSourcesBuildPhase section */

/* Begin PBXTargetDependency section */
		OBJ_34 /* PBXTargetDependency */ = {
			isa = PBXTargetDependency;
			target = "KeyPathMapper::KeyPathMapperTests" /* KeyPathMapperTests */;
			targetProxy = 3F68099521130EF300FF58CE /* PBXContainerItemProxy */;
		};
		OBJ_44 /* PBXTargetDependency */ = {
			isa = PBXTargetDependency;
			target = "KeyPathMapper::KeyPathMapper" /* KeyPathMapper */;
			targetProxy = 3F68099421130EF300FF58CE /* PBXContainerItemProxy */;
		};
/* End PBXTargetDependency section */

/* Begin XCBuildConfiguration section */
		OBJ_19 /* Debug */ = {
			isa = XCBuildConfiguration;
			buildSettings = {
				ENABLE_TESTABILITY = YES;
				FRAMEWORK_SEARCH_PATHS = (
					"$(inherited)",
					"$(PLATFORM_DIR)/Developer/Library/Frameworks",
				);
				HEADER_SEARCH_PATHS = "$(inherited)";
				INFOPLIST_FILE = KeyPathMapper.xcodeproj/KeyPathMapper_Info.plist;
				LD_RUNPATH_SEARCH_PATHS = "$(inherited) $(TOOLCHAIN_DIR)/usr/lib/swift/macosx";
				MACOSX_DEPLOYMENT_TARGET = 10.9;
				OTHER_CFLAGS = "$(inherited)";
				OTHER_LDFLAGS = "$(inherited)";
				OTHER_SWIFT_FLAGS = "$(inherited)";
				PRODUCT_BUNDLE_IDENTIFIER = KeyPathMapper;
				PRODUCT_MODULE_NAME = "$(TARGET_NAME:c99extidentifier)";
				PRODUCT_NAME = "$(TARGET_NAME:c99extidentifier)";
				SKIP_INSTALL = YES;
				SWIFT_COMPILATION_MODE = wholemodule;
				SWIFT_VERSION = 4.0;
				TARGET_NAME = KeyPathMapper;
			};
			name = Debug;
		};
		OBJ_20 /* Release */ = {
			isa = XCBuildConfiguration;
			buildSettings = {
				ENABLE_TESTABILITY = YES;
				FRAMEWORK_SEARCH_PATHS = (
					"$(inherited)",
					"$(PLATFORM_DIR)/Developer/Library/Frameworks",
				);
				HEADER_SEARCH_PATHS = "$(inherited)";
				INFOPLIST_FILE = KeyPathMapper.xcodeproj/KeyPathMapper_Info.plist;
				LD_RUNPATH_SEARCH_PATHS = "$(inherited) $(TOOLCHAIN_DIR)/usr/lib/swift/macosx";
				MACOSX_DEPLOYMENT_TARGET = 10.9;
				OTHER_CFLAGS = "$(inherited)";
				OTHER_LDFLAGS = "$(inherited)";
				OTHER_SWIFT_FLAGS = "$(inherited)";
				PRODUCT_BUNDLE_IDENTIFIER = KeyPathMapper;
				PRODUCT_MODULE_NAME = "$(TARGET_NAME:c99extidentifier)";
				PRODUCT_NAME = "$(TARGET_NAME:c99extidentifier)";
				SKIP_INSTALL = YES;
				SWIFT_VERSION = 4.0;
				TARGET_NAME = KeyPathMapper;
			};
			name = Release;
		};
		OBJ_26 /* Debug */ = {
			isa = XCBuildConfiguration;
			buildSettings = {
				LD = /usr/bin/true;
				OTHER_SWIFT_FLAGS = "-swift-version 4 -I $(TOOLCHAIN_DIR)/usr/lib/swift/pm/4 -target x86_64-apple-macosx10.10 -sdk /Applications/Xcode-9.3.app/Contents/Developer/Platforms/MacOSX.platform/Developer/SDKs/MacOSX10.13.sdk";
				SWIFT_VERSION = 4.0;
			};
			name = Debug;
		};
		OBJ_27 /* Release */ = {
			isa = XCBuildConfiguration;
			buildSettings = {
				LD = /usr/bin/true;
				OTHER_SWIFT_FLAGS = "-swift-version 4 -I $(TOOLCHAIN_DIR)/usr/lib/swift/pm/4 -target x86_64-apple-macosx10.10 -sdk /Applications/Xcode-9.3.app/Contents/Developer/Platforms/MacOSX.platform/Developer/SDKs/MacOSX10.13.sdk";
				SWIFT_VERSION = 4.0;
			};
			name = Release;
		};
		OBJ_3 /* Debug */ = {
			isa = XCBuildConfiguration;
			buildSettings = {
				CLANG_ENABLE_OBJC_ARC = YES;
				COMBINE_HIDPI_IMAGES = YES;
				COPY_PHASE_STRIP = NO;
				DEBUG_INFORMATION_FORMAT = dwarf;
				DYLIB_INSTALL_NAME_BASE = "@rpath";
				ENABLE_NS_ASSERTIONS = YES;
				GCC_OPTIMIZATION_LEVEL = 0;
				MACOSX_DEPLOYMENT_TARGET = 10.10;
				ONLY_ACTIVE_ARCH = YES;
				OTHER_SWIFT_FLAGS = "-DXcode";
				PRODUCT_NAME = "$(TARGET_NAME)";
				SDKROOT = macosx;
				SUPPORTED_PLATFORMS = "macosx iphoneos iphonesimulator appletvos appletvsimulator watchos watchsimulator";
				SWIFT_ACTIVE_COMPILATION_CONDITIONS = SWIFT_PACKAGE;
				SWIFT_OPTIMIZATION_LEVEL = "-Onone";
				USE_HEADERMAP = NO;
			};
			name = Debug;
		};
		OBJ_32 /* Debug */ = {
			isa = XCBuildConfiguration;
			buildSettings = {
			};
			name = Debug;
		};
		OBJ_33 /* Release */ = {
			isa = XCBuildConfiguration;
			buildSettings = {
			};
			name = Release;
		};
		OBJ_37 /* Debug */ = {
			isa = XCBuildConfiguration;
			buildSettings = {
				EMBEDDED_CONTENT_CONTAINS_SWIFT = YES;
				FRAMEWORK_SEARCH_PATHS = (
					"$(inherited)",
					"$(PLATFORM_DIR)/Developer/Library/Frameworks",
				);
				HEADER_SEARCH_PATHS = "$(inherited)";
				INFOPLIST_FILE = KeyPathMapper.xcodeproj/KeyPathMapperTests_Info.plist;
				LD_RUNPATH_SEARCH_PATHS = "$(inherited) @loader_path/../Frameworks @loader_path/Frameworks";
				OTHER_CFLAGS = "$(inherited)";
				OTHER_LDFLAGS = "$(inherited)";
				OTHER_SWIFT_FLAGS = "$(inherited)";
				SWIFT_VERSION = 4.0;
				TARGET_NAME = KeyPathMapperTests;
			};
			name = Debug;
		};
		OBJ_38 /* Release */ = {
			isa = XCBuildConfiguration;
			buildSettings = {
				EMBEDDED_CONTENT_CONTAINS_SWIFT = YES;
				FRAMEWORK_SEARCH_PATHS = (
					"$(inherited)",
					"$(PLATFORM_DIR)/Developer/Library/Frameworks",
				);
				HEADER_SEARCH_PATHS = "$(inherited)";
				INFOPLIST_FILE = KeyPathMapper.xcodeproj/KeyPathMapperTests_Info.plist;
				LD_RUNPATH_SEARCH_PATHS = "$(inherited) @loader_path/../Frameworks @loader_path/Frameworks";
				OTHER_CFLAGS = "$(inherited)";
				OTHER_LDFLAGS = "$(inherited)";
				OTHER_SWIFT_FLAGS = "$(inherited)";
				SWIFT_VERSION = 4.0;
				TARGET_NAME = KeyPathMapperTests;
			};
			name = Release;
		};
		OBJ_4 /* Release */ = {
			isa = XCBuildConfiguration;
			buildSettings = {
				CLANG_ENABLE_OBJC_ARC = YES;
				COMBINE_HIDPI_IMAGES = YES;
				COPY_PHASE_STRIP = YES;
				DEBUG_INFORMATION_FORMAT = "dwarf-with-dsym";
				DYLIB_INSTALL_NAME_BASE = "@rpath";
				GCC_OPTIMIZATION_LEVEL = s;
				MACOSX_DEPLOYMENT_TARGET = 10.10;
				OTHER_SWIFT_FLAGS = "-DXcode";
				PRODUCT_NAME = "$(TARGET_NAME)";
				SDKROOT = macosx;
				SUPPORTED_PLATFORMS = "macosx iphoneos iphonesimulator appletvos appletvsimulator watchos watchsimulator";
				SWIFT_ACTIVE_COMPILATION_CONDITIONS = SWIFT_PACKAGE;
				SWIFT_OPTIMIZATION_LEVEL = "-Owholemodule";
				USE_HEADERMAP = NO;
			};
			name = Release;
		};
/* End XCBuildConfiguration section */

/* Begin XCConfigurationList section */
		OBJ_18 /* Build configuration list for PBXNativeTarget "KeyPathMapper" */ = {
			isa = XCConfigurationList;
			buildConfigurations = (
				OBJ_19 /* Debug */,
				OBJ_20 /* Release */,
			);
			defaultConfigurationIsVisible = 0;
			defaultConfigurationName = Release;
		};
		OBJ_2 /* Build configuration list for PBXProject "KeyPathMapper" */ = {
			isa = XCConfigurationList;
			buildConfigurations = (
				OBJ_3 /* Debug */,
				OBJ_4 /* Release */,
			);
			defaultConfigurationIsVisible = 0;
			defaultConfigurationName = Release;
		};
		OBJ_25 /* Build configuration list for PBXNativeTarget "KeyPathMapperPackageDescription" */ = {
			isa = XCConfigurationList;
			buildConfigurations = (
				OBJ_26 /* Debug */,
				OBJ_27 /* Release */,
			);
			defaultConfigurationIsVisible = 0;
			defaultConfigurationName = Release;
		};
		OBJ_31 /* Build configuration list for PBXAggregateTarget "KeyPathMapperPackageTests" */ = {
			isa = XCConfigurationList;
			buildConfigurations = (
				OBJ_32 /* Debug */,
				OBJ_33 /* Release */,
			);
			defaultConfigurationIsVisible = 0;
			defaultConfigurationName = Release;
		};
		OBJ_36 /* Build configuration list for PBXNativeTarget "KeyPathMapperTests" */ = {
			isa = XCConfigurationList;
			buildConfigurations = (
				OBJ_37 /* Debug */,
				OBJ_38 /* Release */,
			);
			defaultConfigurationIsVisible = 0;
			defaultConfigurationName = Release;
		};
/* End XCConfigurationList section */
	};
	rootObject = OBJ_1 /* Project object */;
}
